
Microsoft Visual Studio Solution File, Format Version 12.00
# Visual Studio Version 17
VisualStudioVersion = 17.3.32929.385
MinimumVisualStudioVersion = 10.0.40219.1
Project("{FAE04EC0-301F-11D3-BF4B-00C04F79EFBC}") = "MovieFinder", "MovieFinder\MovieFinder.csproj", "{133E8FE8-561B-4920-A9CD-27ABDF0CB293}"
EndProject
Global
	GlobalSection(SolutionConfigurationPlatforms) = preSolution
		Debug|Any CPU = Debug|Any CPU
		Release|Any CPU = Release|Any CPU
	EndGlobalSection
	GlobalSection(ProjectConfigurationPlatforms) = postSolution
		{133E8FE8-561B-4920-A9CD-27ABDF0CB293}.Debug|Any CPU.ActiveCfg = Debug|Any CPU
		{133E8FE8-561B-4920-A9CD-27ABDF0CB293}.Debug|Any CPU.Build.0 = Debug|Any CPU
		{133E8FE8-561B-4920-A9CD-27ABDF0CB293}.Release|Any CPU.ActiveCfg = Release|Any CPU
		{133E8FE8-561B-4920-A9CD-27ABDF0CB293}.Release|Any CPU.Build.0 = Release|Any CPU
	EndGlobalSection
	GlobalSection(SolutionProperties) = preSolution
		HideSolutionNode = FALSE
	EndGlobalSection
	GlobalSection(ExtensibilityGlobals) = postSolution
		SolutionGuid = {8E58A9FF-BAD2-4A42-95C1-758C631B8A8E}
	EndGlobalSection
EndGlobal
